// !$*UTF8*$!
{
	archiveVersion = 1;
	classes = {
	};
	objectVersion = 55;
	objects = {

/* Begin PBXBuildFile section */
		AB75D1EB28361AA400AC9A32 /* WeekCalendarApp.swift in Sources */ = {isa = PBXBuildFile; fileRef = AB75D1EA28361AA400AC9A32 /* WeekCalendarApp.swift */; };
		AB75D1ED28361AA400AC9A32 /* ContentView.swift in Sources */ = {isa = PBXBuildFile; fileRef = AB75D1EC28361AA400AC9A32 /* ContentView.swift */; };
		AB75D1EF28361AA900AC9A32 /* Assets.xcassets in Resources */ = {isa = PBXBuildFile; fileRef = AB75D1EE28361AA900AC9A32 /* Assets.xcassets */; };
		AB75D1F228361AA900AC9A32 /* Preview Assets.xcassets in Resources */ = {isa = PBXBuildFile; fileRef = AB75D1F128361AA900AC9A32 /* Preview Assets.xcassets */; };
		AB75D1F928361AD600AC9A32 /* Date+Extension.swift in Sources */ = {isa = PBXBuildFile; fileRef = AB75D1F828361AD600AC9A32 /* Date+Extension.swift */; };
		AB75D1FB28361B2E00AC9A32 /* WeekCalendarViewModel.swift in Sources */ = {isa = PBXBuildFile; fileRef = AB75D1FA28361B2E00AC9A32 /* WeekCalendarViewModel.swift */; };
		AB75D1FE28361D2500AC9A32 /* WeekDaysModel.swift in Sources */ = {isa = PBXBuildFile; fileRef = AB75D1FD28361D2500AC9A32 /* WeekDaysModel.swift */; };
		AB8D598928362C4700DC1CA4 /* Modifier.swift in Sources */ = {isa = PBXBuildFile; fileRef = AB8D598828362C4700DC1CA4 /* Modifier.swift */; };
		AB8D598B28362CA400DC1CA4 /* Constant.swift in Sources */ = {isa = PBXBuildFile; fileRef = AB8D598A28362CA400DC1CA4 /* Constant.swift */; };
		AB8D598E2836301F00DC1CA4 /* WeeklyCalendar.swift in Sources */ = {isa = PBXBuildFile; fileRef = AB8D598D2836301E00DC1CA4 /* WeeklyCalendar.swift */; };
		AB8D5991283631C600DC1CA4 /* Device.swift in Sources */ = {isa = PBXBuildFile; fileRef = AB8D5990283631C600DC1CA4 /* Device.swift */; };
		AB8D59962836328400DC1CA4 /* WeeklyCalendaerHeader.swift in Sources */ = {isa = PBXBuildFile; fileRef = AB8D59952836328400DC1CA4 /* WeeklyCalendaerHeader.swift */; };
/* End PBXBuildFile section */

/* Begin PBXFileReference section */
		AB75D1E728361AA400AC9A32 /* WeeklyCalendar.app */ = {isa = PBXFileReference; explicitFileType = wrapper.application; includeInIndex = 0; path = WeeklyCalendar.app; sourceTree = BUILT_PRODUCTS_DIR; };
		AB75D1EA28361AA400AC9A32 /* WeekCalendarApp.swift */ = {isa = PBXFileReference; lastKnownFileType = sourcecode.swift; path = WeekCalendarApp.swift; sourceTree = "<group>"; };
		AB75D1EC28361AA400AC9A32 /* ContentView.swift */ = {isa = PBXFileReference; lastKnownFileType = sourcecode.swift; path = ContentView.swift; sourceTree = "<group>"; };
		AB75D1EE28361AA900AC9A32 /* Assets.xcassets */ = {isa = PBXFileReference; lastKnownFileType = folder.assetcatalog; path = Assets.xcassets; sourceTree = "<group>"; };
		AB75D1F128361AA900AC9A32 /* Preview Assets.xcassets */ = {isa = PBXFileReference; lastKnownFileType = folder.assetcatalog; path = "Preview Assets.xcassets"; sourceTree = "<group>"; };
		AB75D1F828361AD600AC9A32 /* Date+Extension.swift */ = {isa = PBXFileReference; lastKnownFileType = sourcecode.swift; path = "Date+Extension.swift"; sourceTree = "<group>"; };
		AB75D1FA28361B2E00AC9A32 /* WeekCalendarViewModel.swift */ = {isa = PBXFileReference; lastKnownFileType = sourcecode.swift; path = WeekCalendarViewModel.swift; sourceTree = "<group>"; };
		AB75D1FD28361D2500AC9A32 /* WeekDaysModel.swift */ = {isa = PBXFileReference; lastKnownFileType = sourcecode.swift; path = WeekDaysModel.swift; sourceTree = "<group>"; };
		AB8D598828362C4700DC1CA4 /* Modifier.swift */ = {isa = PBXFileReference; lastKnownFileType = sourcecode.swift; path = Modifier.swift; sourceTree = "<group>"; };
		AB8D598A28362CA400DC1CA4 /* Constant.swift */ = {isa = PBXFileReference; lastKnownFileType = sourcecode.swift; path = Constant.swift; sourceTree = "<group>"; };
		AB8D598D2836301E00DC1CA4 /* WeeklyCalendar.swift */ = {isa = PBXFileReference; lastKnownFileType = sourcecode.swift; path = WeeklyCalendar.swift; sourceTree = "<group>"; };
		AB8D5990283631C600DC1CA4 /* Device.swift */ = {isa = PBXFileReference; fileEncoding = 4; lastKnownFileType = sourcecode.swift; path = Device.swift; sourceTree = "<group>"; };
		AB8D59952836328400DC1CA4 /* WeeklyCalendaerHeader.swift */ = {isa = PBXFileReference; lastKnownFileType = sourcecode.swift; path = WeeklyCalendaerHeader.swift; sourceTree = "<group>"; };
/* End PBXFileReference section */

/* Begin PBXFrameworksBuildPhase section */
		AB75D1E428361AA400AC9A32 /* Frameworks */ = {
			isa = PBXFrameworksBuildPhase;
			buildActionMask = 2147483647;
			files = (
			);
			runOnlyForDeploymentPostprocessing = 0;
		};
/* End PBXFrameworksBuildPhase section */

/* Begin PBXGroup section */
		AB75D1DE28361AA300AC9A32 = {
			isa = PBXGroup;
			children = (
				AB75D1E928361AA400AC9A32 /* WeeklyCalendar */,
				AB75D1E828361AA400AC9A32 /* Products */,
			);
			sourceTree = "<group>";
		};
		AB75D1E828361AA400AC9A32 /* Products */ = {
			isa = PBXGroup;
			children = (
				AB75D1E728361AA400AC9A32 /* WeeklyCalendar.app */,
			);
			name = Products;
			sourceTree = "<group>";
		};
		AB75D1E928361AA400AC9A32 /* WeeklyCalendar */ = {
			isa = PBXGroup;
			children = (
				AB75D1FC28361B3D00AC9A32 /* App */,
				AB75D1FF283624D900AC9A32 /* Share */,
				AB75D1F028361AA900AC9A32 /* Preview Content */,
			);
			path = WeeklyCalendar;
			sourceTree = "<group>";
		};
		AB75D1F028361AA900AC9A32 /* Preview Content */ = {
			isa = PBXGroup;
			children = (
				AB75D1F128361AA900AC9A32 /* Preview Assets.xcassets */,
			);
			path = "Preview Content";
			sourceTree = "<group>";
		};
		AB75D1FC28361B3D00AC9A32 /* App */ = {
			isa = PBXGroup;
			children = (
				AB75D1EA28361AA400AC9A32 /* WeekCalendarApp.swift */,
				AB75D1EE28361AA900AC9A32 /* Assets.xcassets */,
			);
			path = App;
			sourceTree = "<group>";
		};
		AB75D1FF283624D900AC9A32 /* Share */ = {
			isa = PBXGroup;
			children = (
				AB8D59932836320C00DC1CA4 /* Model */,
				AB8D598C2836300600DC1CA4 /* View */,
				AB8D59922836320200DC1CA4 /* ViewModel */,
				AB8D598F283631AD00DC1CA4 /* Utility */,
			);
			path = Share;
			sourceTree = "<group>";
		};
		AB8D598728362BEC00DC1CA4 /* Modifier */ = {
			isa = PBXGroup;
			children = (
				AB8D598828362C4700DC1CA4 /* Modifier.swift */,
			);
			path = Modifier;
			sourceTree = "<group>";
		};
		AB8D598C2836300600DC1CA4 /* View */ = {
			isa = PBXGroup;
			children = (
				AB75D1EC28361AA400AC9A32 /* ContentView.swift */,
				AB8D598D2836301E00DC1CA4 /* WeeklyCalendar.swift */,
				AB8D59952836328400DC1CA4 /* WeeklyCalendaerHeader.swift */,
			);
			path = View;
			sourceTree = "<group>";
		};
		AB8D598F283631AD00DC1CA4 /* Utility */ = {
			isa = PBXGroup;
			children = (
				AB8D59942836322F00DC1CA4 /* Extension */,
				AB8D598728362BEC00DC1CA4 /* Modifier */,
				AB8D598A28362CA400DC1CA4 /* Constant.swift */,
				AB8D5990283631C600DC1CA4 /* Device.swift */,
			);
			path = Utility;
			sourceTree = "<group>";
		};
		AB8D59922836320200DC1CA4 /* ViewModel */ = {
			isa = PBXGroup;
			children = (
				AB75D1FA28361B2E00AC9A32 /* WeekCalendarViewModel.swift */,
			);
			path = ViewModel;
			sourceTree = "<group>";
		};
		AB8D59932836320C00DC1CA4 /* Model */ = {
			isa = PBXGroup;
			children = (
				AB75D1FD28361D2500AC9A32 /* WeekDaysModel.swift */,
			);
			path = Model;
			sourceTree = "<group>";
		};
		AB8D59942836322F00DC1CA4 /* Extension */ = {
			isa = PBXGroup;
			children = (
				AB75D1F828361AD600AC9A32 /* Date+Extension.swift */,
			);
			path = Extension;
			sourceTree = "<group>";
		};
/* End PBXGroup section */

/* Begin PBXNativeTarget section */
		AB75D1E628361AA400AC9A32 /* WeeklyCalendar */ = {
			isa = PBXNativeTarget;
			buildConfigurationList = AB75D1F528361AA900AC9A32 /* Build configuration list for PBXNativeTarget "WeeklyCalendar" */;
			buildPhases = (
				AB75D1E328361AA400AC9A32 /* Sources */,
				AB75D1E428361AA400AC9A32 /* Frameworks */,
				AB75D1E528361AA400AC9A32 /* Resources */,
			);
			buildRules = (
			);
			dependencies = (
			);
			name = WeeklyCalendar;
			productName = WeekCalendar;
			productReference = AB75D1E728361AA400AC9A32 /* WeeklyCalendar.app */;
			productType = "com.apple.product-type.application";
		};
/* End PBXNativeTarget section */

/* Begin PBXProject section */
		AB75D1DF28361AA300AC9A32 /* Project object */ = {
			isa = PBXProject;
			attributes = {
				BuildIndependentTargetsInParallel = 1;
				LastSwiftUpdateCheck = 1330;
				LastUpgradeCheck = 1330;
				TargetAttributes = {
					AB75D1E628361AA400AC9A32 = {
						CreatedOnToolsVersion = 13.3.1;
					};
				};
			};
			buildConfigurationList = AB75D1E228361AA300AC9A32 /* Build configuration list for PBXProject "WeeklyCalendar" */;
			compatibilityVersion = "Xcode 13.0";
			developmentRegion = en;
			hasScannedForEncodings = 0;
			knownRegions = (
				en,
				Base,
			);
			mainGroup = AB75D1DE28361AA300AC9A32;
			productRefGroup = AB75D1E828361AA400AC9A32 /* Products */;
			projectDirPath = "";
			projectRoot = "";
			targets = (
				AB75D1E628361AA400AC9A32 /* WeeklyCalendar */,
			);
		};
/* End PBXProject section */

/* Begin PBXResourcesBuildPhase section */
		AB75D1E528361AA400AC9A32 /* Resources */ = {
			isa = PBXResourcesBuildPhase;
			buildActionMask = 2147483647;
			files = (
				AB75D1F228361AA900AC9A32 /* Preview Assets.xcassets in Resources */,
				AB75D1EF28361AA900AC9A32 /* Assets.xcassets in Resources */,
			);
			runOnlyForDeploymentPostprocessing = 0;
		};
/* End PBXResourcesBuildPhase section */

/* Begin PBXSourcesBuildPhase section */
		AB75D1E328361AA400AC9A32 /* Sources */ = {
			isa = PBXSourcesBuildPhase;
			buildActionMask = 2147483647;
			files = (
				AB8D598B28362CA400DC1CA4 /* Constant.swift in Sources */,
				AB75D1FB28361B2E00AC9A32 /* WeekCalendarViewModel.swift in Sources */,
				AB8D59962836328400DC1CA4 /* WeeklyCalendaerHeader.swift in Sources */,
				AB8D598E2836301F00DC1CA4 /* WeeklyCalendar.swift in Sources */,
				AB8D5991283631C600DC1CA4 /* Device.swift in Sources */,
				AB75D1ED28361AA400AC9A32 /* ContentView.swift in Sources */,
				AB75D1FE28361D2500AC9A32 /* WeekDaysModel.swift in Sources */,
				AB75D1EB28361AA400AC9A32 /* WeekCalendarApp.swift in Sources */,
				AB75D1F928361AD600AC9A32 /* Date+Extension.swift in Sources */,
				AB8D598928362C4700DC1CA4 /* Modifier.swift in Sources */,
			);
			runOnlyForDeploymentPostprocessing = 0;
		};
/* End PBXSourcesBuildPhase section */

/* Begin XCBuildConfiguration section */
		AB75D1F328361AA900AC9A32 /* Debug */ = {
			isa = XCBuildConfiguration;
			buildSettings = {
				ALWAYS_SEARCH_USER_PATHS = NO;
				CLANG_ANALYZER_NONNULL = YES;
				CLANG_ANALYZER_NUMBER_OBJECT_CONVERSION = YES_AGGRESSIVE;
				CLANG_CXX_LANGUAGE_STANDARD = "gnu++17";
				CLANG_ENABLE_MODULES = YES;
				CLANG_ENABLE_OBJC_ARC = YES;
				CLANG_ENABLE_OBJC_WEAK = YES;
				CLANG_WARN_BLOCK_CAPTURE_AUTORELEASING = YES;
				CLANG_WARN_BOOL_CONVERSION = YES;
				CLANG_WARN_COMMA = YES;
				CLANG_WARN_CONSTANT_CONVERSION = YES;
				CLANG_WARN_DEPRECATED_OBJC_IMPLEMENTATIONS = YES;
				CLANG_WARN_DIRECT_OBJC_ISA_USAGE = YES_ERROR;
				CLANG_WARN_DOCUMENTATION_COMMENTS = YES;
				CLANG_WARN_EMPTY_BODY = YES;
				CLANG_WARN_ENUM_CONVERSION = YES;
				CLANG_WARN_INFINITE_RECURSION = YES;
				CLANG_WARN_INT_CONVERSION = YES;
				CLANG_WARN_NON_LITERAL_NULL_CONVERSION = YES;
				CLANG_WARN_OBJC_IMPLICIT_RETAIN_SELF = YES;
				CLANG_WARN_OBJC_LITERAL_CONVERSION = YES;
				CLANG_WARN_OBJC_ROOT_CLASS = YES_ERROR;
				CLANG_WARN_QUOTED_INCLUDE_IN_FRAMEWORK_HEADER = YES;
				CLANG_WARN_RANGE_LOOP_ANALYSIS = YES;
				CLANG_WARN_STRICT_PROTOTYPES = YES;
				CLANG_WARN_SUSPICIOUS_MOVE = YES;
				CLANG_WARN_UNGUARDED_AVAILABILITY = YES_AGGRESSIVE;
				CLANG_WARN_UNREACHABLE_CODE = YES;
				CLANG_WARN__DUPLICATE_METHOD_MATCH = YES;
				COPY_PHASE_STRIP = NO;
				DEBUG_INFORMATION_FORMAT = dwarf;
				ENABLE_STRICT_OBJC_MSGSEND = YES;
				ENABLE_TESTABILITY = YES;
				GCC_C_LANGUAGE_STANDARD = gnu11;
				GCC_DYNAMIC_NO_PIC = NO;
				GCC_NO_COMMON_BLOCKS = YES;
				GCC_OPTIMIZATION_LEVEL = 0;
				GCC_PREPROCESSOR_DEFINITIONS = (
					"DEBUG=1",
					"$(inherited)",
				);
				GCC_WARN_64_TO_32_BIT_CONVERSION = YES;
				GCC_WARN_ABOUT_RETURN_TYPE = YES_ERROR;
				GCC_WARN_UNDECLARED_SELECTOR = YES;
				GCC_WARN_UNINITIALIZED_AUTOS = YES_AGGRESSIVE;
				GCC_WARN_UNUSED_FUNCTION = YES;
				GCC_WARN_UNUSED_VARIABLE = YES;
				IPHONEOS_DEPLOYMENT_TARGET = 15.4;
				MTL_ENABLE_DEBUG_INFO = INCLUDE_SOURCE;
				MTL_FAST_MATH = YES;
				ONLY_ACTIVE_ARCH = YES;
				SDKROOT = iphoneos;
				SWIFT_ACTIVE_COMPILATION_CONDITIONS = DEBUG;
				SWIFT_OPTIMIZATION_LEVEL = "-Onone";
			};
			name = Debug;
		};
		AB75D1F428361AA900AC9A32 /* Release */ = {
			isa = XCBuildConfiguration;
			buildSettings = {
				ALWAYS_SEARCH_USER_PATHS = NO;
				CLANG_ANALYZER_NONNULL = YES;
				CLANG_ANALYZER_NUMBER_OBJECT_CONVERSION = YES_AGGRESSIVE;
				CLANG_CXX_LANGUAGE_STANDARD = "gnu++17";
				CLANG_ENABLE_MODULES = YES;
				CLANG_ENABLE_OBJC_ARC = YES;
				CLANG_ENABLE_OBJC_WEAK = YES;
				CLANG_WARN_BLOCK_CAPTURE_AUTORELEASING = YES;
				CLANG_WARN_BOOL_CONVERSION = YES;
				CLANG_WARN_COMMA = YES;
				CLANG_WARN_CONSTANT_CONVERSION = YES;
				CLANG_WARN_DEPRECATED_OBJC_IMPLEMENTATIONS = YES;
				CLANG_WARN_DIRECT_OBJC_ISA_USAGE = YES_ERROR;
				CLANG_WARN_DOCUMENTATION_COMMENTS = YES;
				CLANG_WARN_EMPTY_BODY = YES;
				CLANG_WARN_ENUM_CONVERSION = YES;
				CLANG_WARN_INFINITE_RECURSION = YES;
				CLANG_WARN_INT_CONVERSION = YES;
				CLANG_WARN_NON_LITERAL_NULL_CONVERSION = YES;
				CLANG_WARN_OBJC_IMPLICIT_RETAIN_SELF = YES;
				CLANG_WARN_OBJC_LITERAL_CONVERSION = YES;
				CLANG_WARN_OBJC_ROOT_CLASS = YES_ERROR;
				CLANG_WARN_QUOTED_INCLUDE_IN_FRAMEWORK_HEADER = YES;
				CLANG_WARN_RANGE_LOOP_ANALYSIS = YES;
				CLANG_WARN_STRICT_PROTOTYPES = YES;
				CLANG_WARN_SUSPICIOUS_MOVE = YES;
				CLANG_WARN_UNGUARDED_AVAILABILITY = YES_AGGRESSIVE;
				CLANG_WARN_UNREACHABLE_CODE = YES;
				CLANG_WARN__DUPLICATE_METHOD_MATCH = YES;
				COPY_PHASE_STRIP = NO;
				DEBUG_INFORMATION_FORMAT = "dwarf-with-dsym";
				ENABLE_NS_ASSERTIONS = NO;
				ENABLE_STRICT_OBJC_MSGSEND = YES;
				GCC_C_LANGUAGE_STANDARD = gnu11;
				GCC_NO_COMMON_BLOCKS = YES;
				GCC_WARN_64_TO_32_BIT_CONVERSION = YES;
				GCC_WARN_ABOUT_RETURN_TYPE = YES_ERROR;
				GCC_WARN_UNDECLARED_SELECTOR = YES;
				GCC_WARN_UNINITIALIZED_AUTOS = YES_AGGRESSIVE;
				GCC_WARN_UNUSED_FUNCTION = YES;
				GCC_WARN_UNUSED_VARIABLE = YES;
				IPHONEOS_DEPLOYMENT_TARGET = 15.4;
				MTL_ENABLE_DEBUG_INFO = NO;
				MTL_FAST_MATH = YES;
				SDKROOT = iphoneos;
				SWIFT_COMPILATION_MODE = wholemodule;
				SWIFT_OPTIMIZATION_LEVEL = "-O";
				VALIDATE_PRODUCT = YES;
			};
			name = Release;
		};
		AB75D1F628361AA900AC9A32 /* Debug */ = {
			isa = XCBuildConfiguration;
			buildSettings = {
				ASSETCATALOG_COMPILER_APPICON_NAME = AppIcon;
				ASSETCATALOG_COMPILER_GLOBAL_ACCENT_COLOR_NAME = AccentColor;
				CODE_SIGN_STYLE = Automatic;
				CURRENT_PROJECT_VERSION = 1;
				DEVELOPMENT_ASSET_PATHS = "\"WeeklyCalendar/Preview Content\"";
				DEVELOPMENT_TEAM = ZD74G4QNW2;
				ENABLE_PREVIEWS = YES;
				GENERATE_INFOPLIST_FILE = YES;
				INFOPLIST_KEY_UIApplicationSceneManifest_Generation = YES;
				INFOPLIST_KEY_UIApplicationSupportsIndirectInputEvents = YES;
				INFOPLIST_KEY_UILaunchScreen_Generation = YES;
				INFOPLIST_KEY_UISupportedInterfaceOrientations_iPad = "UIInterfaceOrientationPortrait UIInterfaceOrientationPortraitUpsideDown UIInterfaceOrientationLandscapeLeft UIInterfaceOrientationLandscapeRight";
				INFOPLIST_KEY_UISupportedInterfaceOrientations_iPhone = "UIInterfaceOrientationPortrait UIInterfaceOrientationLandscapeLeft UIInterfaceOrientationLandscapeRight";
				LD_RUNPATH_SEARCH_PATHS = (
					"$(inherited)",
					"@executable_path/Frameworks",
				);
				MARKETING_VERSION = 1.0;
				PRODUCT_BUNDLE_IDENTIFIER = com.iamwgo.WeekCalendar;
				PRODUCT_NAME = "$(TARGET_NAME)";
				SWIFT_EMIT_LOC_STRINGS = YES;
				SWIFT_VERSION = 5.0;
				TARGETED_DEVICE_FAMILY = "1,2";
			};
			name = Debug;
		};
		AB75D1F728361AA900AC9A32 /* Release */ = {
			isa = XCBuildConfiguration;
			buildSettings = {
				ASSETCATALOG_COMPILER_APPICON_NAME = AppIcon;
				ASSETCATALOG_COMPILER_GLOBAL_ACCENT_COLOR_NAME = AccentColor;
				CODE_SIGN_STYLE = Automatic;
				CURRENT_PROJECT_VERSION = 1;
				DEVELOPMENT_ASSET_PATHS = "\"WeeklyCalendar/Preview Content\"";
				DEVELOPMENT_TEAM = ZD74G4QNW2;
				ENABLE_PREVIEWS = YES;
				GENERATE_INFOPLIST_FILE = YES;
				INFOPLIST_KEY_UIApplicationSceneManifest_Generation = YES;
				INFOPLIST_KEY_UIApplicationSupportsIndirectInputEvents = YES;
				INFOPLIST_KEY_UILaunchScreen_Generation = YES;
				INFOPLIST_KEY_UISupportedInterfaceOrientations_iPad = "UIInterfaceOrientationPortrait UIInterfaceOrientationPortraitUpsideDown UIInterfaceOrientationLandscapeLeft UIInterfaceOrientationLandscapeRight";
				INFOPLIST_KEY_UISupportedInterfaceOrientations_iPhone = "UIInterfaceOrientationPortrait UIInterfaceOrientationLandscapeLeft UIInterfaceOrientationLandscapeRight";
				LD_RUNPATH_SEARCH_PATHS = (
					"$(inherited)",
					"@executable_path/Frameworks",
				);
				MARKETING_VERSION = 1.0;
				PRODUCT_BUNDLE_IDENTIFIER = com.iamwgo.WeekCalendar;
				PRODUCT_NAME = "$(TARGET_NAME)";
				SWIFT_EMIT_LOC_STRINGS = YES;
				SWIFT_VERSION = 5.0;
				TARGETED_DEVICE_FAMILY = "1,2";
			};
			name = Release;
		};
/* End XCBuildConfiguration section */

/* Begin XCConfigurationList section */
		AB75D1E228361AA300AC9A32 /* Build configuration list for PBXProject "WeeklyCalendar" */ = {
			isa = XCConfigurationList;
			buildConfigurations = (
				AB75D1F328361AA900AC9A32 /* Debug */,
				AB75D1F428361AA900AC9A32 /* Release */,
			);
			defaultConfigurationIsVisible = 0;
			defaultConfigurationName = Release;
		};
		AB75D1F528361AA900AC9A32 /* Build configuration list for PBXNativeTarget "WeeklyCalendar" */ = {
			isa = XCConfigurationList;
			buildConfigurations = (
				AB75D1F628361AA900AC9A32 /* Debug */,
				AB75D1F728361AA900AC9A32 /* Release */,
			);
			defaultConfigurationIsVisible = 0;
			defaultConfigurationName = Release;
		};
/* End XCConfigurationList section */
	};
	rootObject = AB75D1DF28361AA300AC9A32 /* Project object */;
}
